<<<<<<< HEAD
﻿
Microsoft Visual Studio Solution File, Format Version 12.00
# Visual Studio Version 17
VisualStudioVersion = 17.4.33122.133
MinimumVisualStudioVersion = 10.0.40219.1
Project("{9A19103F-16F7-4668-BE54-9A1E7A4F7556}") = "Homework11", "Homework11.csproj", "{00DCD702-F98D-4D11-80BE-B6D889D3411F}"
EndProject
Global
	GlobalSection(SolutionConfigurationPlatforms) = preSolution
		Debug|Any CPU = Debug|Any CPU
		Release|Any CPU = Release|Any CPU
	EndGlobalSection
	GlobalSection(ProjectConfigurationPlatforms) = postSolution
		{00DCD702-F98D-4D11-80BE-B6D889D3411F}.Debug|Any CPU.ActiveCfg = Debug|Any CPU
		{00DCD702-F98D-4D11-80BE-B6D889D3411F}.Debug|Any CPU.Build.0 = Debug|Any CPU
		{00DCD702-F98D-4D11-80BE-B6D889D3411F}.Release|Any CPU.ActiveCfg = Release|Any CPU
		{00DCD702-F98D-4D11-80BE-B6D889D3411F}.Release|Any CPU.Build.0 = Release|Any CPU
	EndGlobalSection
	GlobalSection(SolutionProperties) = preSolution
		HideSolutionNode = FALSE
	EndGlobalSection
	GlobalSection(ExtensibilityGlobals) = postSolution
		SolutionGuid = {1408A9BE-9F74-4643-BDE5-0C6A74929113}
	EndGlobalSection
EndGlobal
=======
﻿
Microsoft Visual Studio Solution File, Format Version 12.00
# Visual Studio Version 17
VisualStudioVersion = 17.4.33122.133
MinimumVisualStudioVersion = 10.0.40219.1
Project("{9A19103F-16F7-4668-BE54-9A1E7A4F7556}") = "Homework11", "Homework11.csproj", "{00DCD702-F98D-4D11-80BE-B6D889D3411F}"
EndProject
Global
	GlobalSection(SolutionConfigurationPlatforms) = preSolution
		Debug|Any CPU = Debug|Any CPU
		Release|Any CPU = Release|Any CPU
	EndGlobalSection
	GlobalSection(ProjectConfigurationPlatforms) = postSolution
		{00DCD702-F98D-4D11-80BE-B6D889D3411F}.Debug|Any CPU.ActiveCfg = Debug|Any CPU
		{00DCD702-F98D-4D11-80BE-B6D889D3411F}.Debug|Any CPU.Build.0 = Debug|Any CPU
		{00DCD702-F98D-4D11-80BE-B6D889D3411F}.Release|Any CPU.ActiveCfg = Release|Any CPU
		{00DCD702-F98D-4D11-80BE-B6D889D3411F}.Release|Any CPU.Build.0 = Release|Any CPU
	EndGlobalSection
	GlobalSection(SolutionProperties) = preSolution
		HideSolutionNode = FALSE
	EndGlobalSection
	GlobalSection(ExtensibilityGlobals) = postSolution
		SolutionGuid = {1408A9BE-9F74-4643-BDE5-0C6A74929113}
	EndGlobalSection
EndGlobal
>>>>>>> origin
